// !$*UTF8*$!
{
	archiveVersion = 1;
	classes = {
	};
	objectVersion = 56;
	objects = {

/* Begin PBXBuildFile section */
		79936C362C62E4F600609F33 /* LegoAPIApp.swift in Sources */ = {isa = PBXBuildFile; fileRef = 79936C352C62E4F600609F33 /* LegoAPIApp.swift */; };
		79936C382C62E4F600609F33 /* ContentView.swift in Sources */ = {isa = PBXBuildFile; fileRef = 79936C372C62E4F600609F33 /* ContentView.swift */; };
		79936C3A2C62E4F700609F33 /* Assets.xcassets in Resources */ = {isa = PBXBuildFile; fileRef = 79936C392C62E4F700609F33 /* Assets.xcassets */; };
		79936C3D2C62E4F700609F33 /* Preview Assets.xcassets in Resources */ = {isa = PBXBuildFile; fileRef = 79936C3C2C62E4F700609F33 /* Preview Assets.xcassets */; };
		79936C482C62E6CD00609F33 /* Lego.swift in Sources */ = {isa = PBXBuildFile; fileRef = 79936C472C62E6CD00609F33 /* Lego.swift */; };
		79936C4A2C63640D00609F33 /* InventoryLegoParts.swift in Sources */ = {isa = PBXBuildFile; fileRef = 79936C492C63640D00609F33 /* InventoryLegoParts.swift */; };
		79936C4E2C63644C00609F33 /* LegoCDModel.xcdatamodeld in Sources */ = {isa = PBXBuildFile; fileRef = 79936C4C2C63644C00609F33 /* LegoCDModel.xcdatamodeld */; };
		79936C502C63663500609F33 /* Part.swift in Sources */ = {isa = PBXBuildFile; fileRef = 79936C4F2C63663500609F33 /* Part.swift */; };
		79936C522C640E2800609F33 /* Color.swift in Sources */ = {isa = PBXBuildFile; fileRef = 79936C512C640E2800609F33 /* Color.swift */; };
		79936C542C64108200609F33 /* Themes.swift in Sources */ = {isa = PBXBuildFile; fileRef = 79936C532C64108200609F33 /* Themes.swift */; };
		79936C562C64120C00609F33 /* LegoSet.swift in Sources */ = {isa = PBXBuildFile; fileRef = 79936C552C64120C00609F33 /* LegoSet.swift */; };
		79936C582C6414BA00609F33 /* AllParts.swift in Sources */ = {isa = PBXBuildFile; fileRef = 79936C572C6414BA00609F33 /* AllParts.swift */; };
		79936C5A2C6422CB00609F33 /* RebrickableAPI.swift in Sources */ = {isa = PBXBuildFile; fileRef = 79936C592C6422CB00609F33 /* RebrickableAPI.swift */; };
		79936C5C2C6553AD00609F33 /* PartsAndColor.swift in Sources */ = {isa = PBXBuildFile; fileRef = 79936C5B2C6553AD00609F33 /* PartsAndColor.swift */; };
		79936C5F2C6559FC00609F33 /* LegoMinifigVM.swift in Sources */ = {isa = PBXBuildFile; fileRef = 79936C5E2C6559FC00609F33 /* LegoMinifigVM.swift */; };
		79936C612C65730C00609F33 /* LegoSetVM.swift in Sources */ = {isa = PBXBuildFile; fileRef = 79936C602C65730C00609F33 /* LegoSetVM.swift */; };
		79936C632C65786B00609F33 /* PartsVM.swift in Sources */ = {isa = PBXBuildFile; fileRef = 79936C622C65786B00609F33 /* PartsVM.swift */; };
		79936C662C6579E100609F33 /* MinifigInSetCameInVM.swift in Sources */ = {isa = PBXBuildFile; fileRef = 79936C652C6579E100609F33 /* MinifigInSetCameInVM.swift */; };
		79936C682C657D0100609F33 /* ColorAndLegoPartVM.swift in Sources */ = {isa = PBXBuildFile; fileRef = 79936C672C657D0100609F33 /* ColorAndLegoPartVM.swift */; };
		79936C6A2C670B2200609F33 /* InventoryLegoPartVM.swift in Sources */ = {isa = PBXBuildFile; fileRef = 79936C692C670B2200609F33 /* InventoryLegoPartVM.swift */; };
		79936C712C6B524100609F33 /* MinifigSrceen.swift in Sources */ = {isa = PBXBuildFile; fileRef = 79936C702C6B524100609F33 /* MinifigSrceen.swift */; };
		79936CBA2C6DECBA00609F33 /* MinifigerPreviewView.swift in Sources */ = {isa = PBXBuildFile; fileRef = 79936CB92C6DECBA00609F33 /* MinifigerPreviewView.swift */; };
		79E40C802C75DADB00348DFF /* LegoSetView.swift in Sources */ = {isa = PBXBuildFile; fileRef = 79E40C7F2C75DADB00348DFF /* LegoSetView.swift */; };
		79E40C822C75DAFF00348DFF /* SearchBarView.swift in Sources */ = {isa = PBXBuildFile; fileRef = 79E40C812C75DAFF00348DFF /* SearchBarView.swift */; };
		79E40C862C77224900348DFF /* PickerVIew.swift in Sources */ = {isa = PBXBuildFile; fileRef = 79E40C852C77224900348DFF /* PickerVIew.swift */; };
		79E40C882C772D0B00348DFF /* TabNavigation.swift in Sources */ = {isa = PBXBuildFile; fileRef = 79E40C872C772D0B00348DFF /* TabNavigation.swift */; };
		79E40C8A2C772D6E00348DFF /* LegoPartView.swift in Sources */ = {isa = PBXBuildFile; fileRef = 79E40C892C772D6E00348DFF /* LegoPartView.swift */; };
		79E40C8C2C772E1000348DFF /* MinifigerDetailView.swift in Sources */ = {isa = PBXBuildFile; fileRef = 79E40C8B2C772E1000348DFF /* MinifigerDetailView.swift */; };
		79E40C8E2C772EB400348DFF /* LegoSetDetailView.swift in Sources */ = {isa = PBXBuildFile; fileRef = 79E40C8D2C772EB400348DFF /* LegoSetDetailView.swift */; };
		79E40C902C795AC500348DFF /* MinifigDetailPreviewView.swift in Sources */ = {isa = PBXBuildFile; fileRef = 79E40C8F2C795AC500348DFF /* MinifigDetailPreviewView.swift */; };
		79E40C922C7960B900348DFF /* MinifigerPart.swift in Sources */ = {isa = PBXBuildFile; fileRef = 79E40C912C7960B900348DFF /* MinifigerPart.swift */; };
/* End PBXBuildFile section */

/* Begin PBXFileReference section */
		79936C322C62E4F600609F33 /* LegoAPI.app */ = {isa = PBXFileReference; explicitFileType = wrapper.application; includeInIndex = 0; path = LegoAPI.app; sourceTree = BUILT_PRODUCTS_DIR; };
		79936C352C62E4F600609F33 /* LegoAPIApp.swift */ = {isa = PBXFileReference; lastKnownFileType = sourcecode.swift; path = LegoAPIApp.swift; sourceTree = "<group>"; };
		79936C372C62E4F600609F33 /* ContentView.swift */ = {isa = PBXFileReference; lastKnownFileType = sourcecode.swift; path = ContentView.swift; sourceTree = "<group>"; };
		79936C392C62E4F700609F33 /* Assets.xcassets */ = {isa = PBXFileReference; lastKnownFileType = folder.assetcatalog; path = Assets.xcassets; sourceTree = "<group>"; };
		79936C3C2C62E4F700609F33 /* Preview Assets.xcassets */ = {isa = PBXFileReference; lastKnownFileType = folder.assetcatalog; path = "Preview Assets.xcassets"; sourceTree = "<group>"; };
		79936C472C62E6CD00609F33 /* Lego.swift */ = {isa = PBXFileReference; lastKnownFileType = sourcecode.swift; path = Lego.swift; sourceTree = "<group>"; };
		79936C492C63640D00609F33 /* InventoryLegoParts.swift */ = {isa = PBXFileReference; lastKnownFileType = sourcecode.swift; path = InventoryLegoParts.swift; sourceTree = "<group>"; };
		79936C4D2C63644C00609F33 /* LegoCDModel.xcdatamodel */ = {isa = PBXFileReference; lastKnownFileType = wrapper.xcdatamodel; path = LegoCDModel.xcdatamodel; sourceTree = "<group>"; };
		79936C4F2C63663500609F33 /* Part.swift */ = {isa = PBXFileReference; lastKnownFileType = sourcecode.swift; path = Part.swift; sourceTree = "<group>"; };
		79936C512C640E2800609F33 /* Color.swift */ = {isa = PBXFileReference; lastKnownFileType = sourcecode.swift; path = Color.swift; sourceTree = "<group>"; };
		79936C532C64108200609F33 /* Themes.swift */ = {isa = PBXFileReference; lastKnownFileType = sourcecode.swift; path = Themes.swift; sourceTree = "<group>"; };
		79936C552C64120C00609F33 /* LegoSet.swift */ = {isa = PBXFileReference; lastKnownFileType = sourcecode.swift; path = LegoSet.swift; sourceTree = "<group>"; };
		79936C572C6414BA00609F33 /* AllParts.swift */ = {isa = PBXFileReference; lastKnownFileType = sourcecode.swift; path = AllParts.swift; sourceTree = "<group>"; };
		79936C592C6422CB00609F33 /* RebrickableAPI.swift */ = {isa = PBXFileReference; lastKnownFileType = sourcecode.swift; path = RebrickableAPI.swift; sourceTree = "<group>"; };
		79936C5B2C6553AD00609F33 /* PartsAndColor.swift */ = {isa = PBXFileReference; lastKnownFileType = sourcecode.swift; path = PartsAndColor.swift; sourceTree = "<group>"; };
		79936C5E2C6559FC00609F33 /* LegoMinifigVM.swift */ = {isa = PBXFileReference; lastKnownFileType = sourcecode.swift; path = LegoMinifigVM.swift; sourceTree = "<group>"; };
		79936C602C65730C00609F33 /* LegoSetVM.swift */ = {isa = PBXFileReference; lastKnownFileType = sourcecode.swift; path = LegoSetVM.swift; sourceTree = "<group>"; };
		79936C622C65786B00609F33 /* PartsVM.swift */ = {isa = PBXFileReference; lastKnownFileType = sourcecode.swift; path = PartsVM.swift; sourceTree = "<group>"; };
		79936C652C6579E100609F33 /* MinifigInSetCameInVM.swift */ = {isa = PBXFileReference; lastKnownFileType = sourcecode.swift; path = MinifigInSetCameInVM.swift; sourceTree = "<group>"; };
		79936C672C657D0100609F33 /* ColorAndLegoPartVM.swift */ = {isa = PBXFileReference; lastKnownFileType = sourcecode.swift; path = ColorAndLegoPartVM.swift; sourceTree = "<group>"; };
		79936C692C670B2200609F33 /* InventoryLegoPartVM.swift */ = {isa = PBXFileReference; lastKnownFileType = sourcecode.swift; path = InventoryLegoPartVM.swift; sourceTree = "<group>"; };
		79936C702C6B524100609F33 /* MinifigSrceen.swift */ = {isa = PBXFileReference; lastKnownFileType = sourcecode.swift; path = MinifigSrceen.swift; sourceTree = "<group>"; };
		79936CB92C6DECBA00609F33 /* MinifigerPreviewView.swift */ = {isa = PBXFileReference; lastKnownFileType = sourcecode.swift; path = MinifigerPreviewView.swift; sourceTree = "<group>"; };
		79E40C7F2C75DADB00348DFF /* LegoSetView.swift */ = {isa = PBXFileReference; lastKnownFileType = sourcecode.swift; path = LegoSetView.swift; sourceTree = "<group>"; };
		79E40C812C75DAFF00348DFF /* SearchBarView.swift */ = {isa = PBXFileReference; lastKnownFileType = sourcecode.swift; path = SearchBarView.swift; sourceTree = "<group>"; };
		79E40C852C77224900348DFF /* PickerVIew.swift */ = {isa = PBXFileReference; lastKnownFileType = sourcecode.swift; path = PickerVIew.swift; sourceTree = "<group>"; };
		79E40C872C772D0B00348DFF /* TabNavigation.swift */ = {isa = PBXFileReference; lastKnownFileType = sourcecode.swift; path = TabNavigation.swift; sourceTree = "<group>"; };
		79E40C892C772D6E00348DFF /* LegoPartView.swift */ = {isa = PBXFileReference; lastKnownFileType = sourcecode.swift; path = LegoPartView.swift; sourceTree = "<group>"; };
		79E40C8B2C772E1000348DFF /* MinifigerDetailView.swift */ = {isa = PBXFileReference; lastKnownFileType = sourcecode.swift; path = MinifigerDetailView.swift; sourceTree = "<group>"; };
		79E40C8D2C772EB400348DFF /* LegoSetDetailView.swift */ = {isa = PBXFileReference; lastKnownFileType = sourcecode.swift; path = LegoSetDetailView.swift; sourceTree = "<group>"; };
		79E40C8F2C795AC500348DFF /* MinifigDetailPreviewView.swift */ = {isa = PBXFileReference; lastKnownFileType = sourcecode.swift; path = MinifigDetailPreviewView.swift; sourceTree = "<group>"; };
		79E40C912C7960B900348DFF /* MinifigerPart.swift */ = {isa = PBXFileReference; lastKnownFileType = sourcecode.swift; path = MinifigerPart.swift; sourceTree = "<group>"; };
/* End PBXFileReference section */

/* Begin PBXFrameworksBuildPhase section */
		79936C2F2C62E4F600609F33 /* Frameworks */ = {
			isa = PBXFrameworksBuildPhase;
			buildActionMask = 2147483647;
			files = (
			);
			runOnlyForDeploymentPostprocessing = 0;
		};
/* End PBXFrameworksBuildPhase section */

/* Begin PBXGroup section */
		79936C292C62E4F600609F33 = {
			isa = PBXGroup;
			children = (
				79936C342C62E4F600609F33 /* LegoAPI */,
				79936C332C62E4F600609F33 /* Products */,
			);
			sourceTree = "<group>";
		};
		79936C332C62E4F600609F33 /* Products */ = {
			isa = PBXGroup;
			children = (
				79936C322C62E4F600609F33 /* LegoAPI.app */,
			);
			name = Products;
			sourceTree = "<group>";
		};
		79936C342C62E4F600609F33 /* LegoAPI */ = {
			isa = PBXGroup;
			children = (
				79936C6C2C670B4300609F33 /* Fonts */,
				79936C452C62E59000609F33 /* Model */,
				79936C442C62E58500609F33 /* ViewModel */,
				79936C432C62E57D00609F33 /* View */,
				79936C352C62E4F600609F33 /* LegoAPIApp.swift */,
				79936C372C62E4F600609F33 /* ContentView.swift */,
				79936C392C62E4F700609F33 /* Assets.xcassets */,
				79936C3B2C62E4F700609F33 /* Preview Content */,
			);
			path = LegoAPI;
			sourceTree = "<group>";
		};
		79936C3B2C62E4F700609F33 /* Preview Content */ = {
			isa = PBXGroup;
			children = (
				79936C3C2C62E4F700609F33 /* Preview Assets.xcassets */,
			);
			path = "Preview Content";
			sourceTree = "<group>";
		};
		79936C432C62E57D00609F33 /* View */ = {
			isa = PBXGroup;
			children = (
				79936C702C6B524100609F33 /* MinifigSrceen.swift */,
				79E40C8B2C772E1000348DFF /* MinifigerDetailView.swift */,
				79E40C7F2C75DADB00348DFF /* LegoSetView.swift */,
				79E40C892C772D6E00348DFF /* LegoPartView.swift */,
				79E40C8D2C772EB400348DFF /* LegoSetDetailView.swift */,
				79E40C7E2C75DAA200348DFF /* Componets */,
				79936C6B2C670B3000609F33 /* previewView */,
			);
			path = View;
			sourceTree = "<group>";
		};
		79936C442C62E58500609F33 /* ViewModel */ = {
			isa = PBXGroup;
			children = (
				79936C642C65795A00609F33 /* SearchViewModel */,
				79936C652C6579E100609F33 /* MinifigInSetCameInVM.swift */,
				79936C672C657D0100609F33 /* ColorAndLegoPartVM.swift */,
				79936C692C670B2200609F33 /* InventoryLegoPartVM.swift */,
			);
			path = ViewModel;
			sourceTree = "<group>";
		};
		79936C452C62E59000609F33 /* Model */ = {
			isa = PBXGroup;
			children = (
				79936C462C62E59D00609F33 /* API */,
				79936C4B2C63642900609F33 /* ModelExtentions */,
				79936C472C62E6CD00609F33 /* Lego.swift */,
				79936C492C63640D00609F33 /* InventoryLegoParts.swift */,
				79936C532C64108200609F33 /* Themes.swift */,
				79936C552C64120C00609F33 /* LegoSet.swift */,
				79936C572C6414BA00609F33 /* AllParts.swift */,
				79936C5B2C6553AD00609F33 /* PartsAndColor.swift */,
				79E40C912C7960B900348DFF /* MinifigerPart.swift */,
				79936C4C2C63644C00609F33 /* LegoCDModel.xcdatamodeld */,
			);
			path = Model;
			sourceTree = "<group>";
		};
		79936C462C62E59D00609F33 /* API */ = {
			isa = PBXGroup;
			children = (
				79936C592C6422CB00609F33 /* RebrickableAPI.swift */,
			);
			path = API;
			sourceTree = "<group>";
		};
		79936C4B2C63642900609F33 /* ModelExtentions */ = {
			isa = PBXGroup;
			children = (
				79936C4F2C63663500609F33 /* Part.swift */,
				79936C512C640E2800609F33 /* Color.swift */,
			);
			path = ModelExtentions;
			sourceTree = "<group>";
		};
		79936C642C65795A00609F33 /* SearchViewModel */ = {
			isa = PBXGroup;
			children = (
				79936C5E2C6559FC00609F33 /* LegoMinifigVM.swift */,
				79936C602C65730C00609F33 /* LegoSetVM.swift */,
				79936C622C65786B00609F33 /* PartsVM.swift */,
			);
			path = SearchViewModel;
			sourceTree = "<group>";
		};
		79936C6B2C670B3000609F33 /* previewView */ = {
			isa = PBXGroup;
			children = (
				79936CB92C6DECBA00609F33 /* MinifigerPreviewView.swift */,
				79E40C8F2C795AC500348DFF /* MinifigDetailPreviewView.swift */,
			);
			path = previewView;
			sourceTree = "<group>";
		};
		79936C6C2C670B4300609F33 /* Fonts */ = {
			isa = PBXGroup;
			children = (
			);
			path = Fonts;
			sourceTree = "<group>";
		};
		79E40C7E2C75DAA200348DFF /* Componets */ = {
			isa = PBXGroup;
			children = (
				79E40C812C75DAFF00348DFF /* SearchBarView.swift */,
				79E40C852C77224900348DFF /* PickerVIew.swift */,
				79E40C872C772D0B00348DFF /* TabNavigation.swift */,
			);
			path = Componets;
			sourceTree = "<group>";
		};
/* End PBXGroup section */

/* Begin PBXNativeTarget section */
		79936C312C62E4F600609F33 /* LegoAPI */ = {
			isa = PBXNativeTarget;
			buildConfigurationList = 79936C402C62E4F700609F33 /* Build configuration list for PBXNativeTarget "LegoAPI" */;
			buildPhases = (
				79936C2E2C62E4F600609F33 /* Sources */,
				79936C2F2C62E4F600609F33 /* Frameworks */,
				79936C302C62E4F600609F33 /* Resources */,
			);
			buildRules = (
			);
			dependencies = (
			);
			name = LegoAPI;
			productName = LegoAPI;
			productReference = 79936C322C62E4F600609F33 /* LegoAPI.app */;
			productType = "com.apple.product-type.application";
		};
/* End PBXNativeTarget section */

/* Begin PBXProject section */
		79936C2A2C62E4F600609F33 /* Project object */ = {
			isa = PBXProject;
			attributes = {
				BuildIndependentTargetsInParallel = 1;
				LastSwiftUpdateCheck = 1540;
				LastUpgradeCheck = 1540;
				TargetAttributes = {
					79936C312C62E4F600609F33 = {
						CreatedOnToolsVersion = 15.4;
					};
				};
			};
			buildConfigurationList = 79936C2D2C62E4F600609F33 /* Build configuration list for PBXProject "LegoAPI" */;
			compatibilityVersion = "Xcode 14.0";
			developmentRegion = en;
			hasScannedForEncodings = 0;
			knownRegions = (
				en,
				Base,
			);
			mainGroup = 79936C292C62E4F600609F33;
			productRefGroup = 79936C332C62E4F600609F33 /* Products */;
			projectDirPath = "";
			projectRoot = "";
			targets = (
				79936C312C62E4F600609F33 /* LegoAPI */,
			);
		};
/* End PBXProject section */

/* Begin PBXResourcesBuildPhase section */
		79936C302C62E4F600609F33 /* Resources */ = {
			isa = PBXResourcesBuildPhase;
			buildActionMask = 2147483647;
			files = (
				79936C3D2C62E4F700609F33 /* Preview Assets.xcassets in Resources */,
				79936C3A2C62E4F700609F33 /* Assets.xcassets in Resources */,
			);
			runOnlyForDeploymentPostprocessing = 0;
		};
/* End PBXResourcesBuildPhase section */

/* Begin PBXSourcesBuildPhase section */
		79936C2E2C62E4F600609F33 /* Sources */ = {
			isa = PBXSourcesBuildPhase;
			buildActionMask = 2147483647;
			files = (
				79936C582C6414BA00609F33 /* AllParts.swift in Sources */,
				79936C632C65786B00609F33 /* PartsVM.swift in Sources */,
				79936C4E2C63644C00609F33 /* LegoCDModel.xcdatamodeld in Sources */,
				79936C382C62E4F600609F33 /* ContentView.swift in Sources */,
				79E40C902C795AC500348DFF /* MinifigDetailPreviewView.swift in Sources */,
				79936C522C640E2800609F33 /* Color.swift in Sources */,
				79936C612C65730C00609F33 /* LegoSetVM.swift in Sources */,
				79E40C8C2C772E1000348DFF /* MinifigerDetailView.swift in Sources */,
				79936C362C62E4F600609F33 /* LegoAPIApp.swift in Sources */,
				79936C482C62E6CD00609F33 /* Lego.swift in Sources */,
				79E40C8E2C772EB400348DFF /* LegoSetDetailView.swift in Sources */,
				79E40C922C7960B900348DFF /* MinifigerPart.swift in Sources */,
				79936CBA2C6DECBA00609F33 /* MinifigerPreviewView.swift in Sources */,
				79936C5C2C6553AD00609F33 /* PartsAndColor.swift in Sources */,
				79936C5A2C6422CB00609F33 /* RebrickableAPI.swift in Sources */,
				79936C712C6B524100609F33 /* MinifigSrceen.swift in Sources */,
				79E40C802C75DADB00348DFF /* LegoSetView.swift in Sources */,
				79936C682C657D0100609F33 /* ColorAndLegoPartVM.swift in Sources */,
				79936C542C64108200609F33 /* Themes.swift in Sources */,
				79936C662C6579E100609F33 /* MinifigInSetCameInVM.swift in Sources */,
				79936C5F2C6559FC00609F33 /* LegoMinifigVM.swift in Sources */,
				79E40C862C77224900348DFF /* PickerVIew.swift in Sources */,
				79936C502C63663500609F33 /* Part.swift in Sources */,
				79E40C822C75DAFF00348DFF /* SearchBarView.swift in Sources */,
				79936C6A2C670B2200609F33 /* InventoryLegoPartVM.swift in Sources */,
				79E40C8A2C772D6E00348DFF /* LegoPartView.swift in Sources */,
				79E40C882C772D0B00348DFF /* TabNavigation.swift in Sources */,
				79936C4A2C63640D00609F33 /* InventoryLegoParts.swift in Sources */,
				79936C562C64120C00609F33 /* LegoSet.swift in Sources */,
			);
			runOnlyForDeploymentPostprocessing = 0;
		};
/* End PBXSourcesBuildPhase section */

/* Begin XCBuildConfiguration section */
		79936C3E2C62E4F700609F33 /* Debug */ = {
			isa = XCBuildConfiguration;
			buildSettings = {
				ALWAYS_SEARCH_USER_PATHS = NO;
				ASSETCATALOG_COMPILER_GENERATE_SWIFT_ASSET_SYMBOL_EXTENSIONS = YES;
				CLANG_ANALYZER_NONNULL = YES;
				CLANG_ANALYZER_NUMBER_OBJECT_CONVERSION = YES_AGGRESSIVE;
				CLANG_CXX_LANGUAGE_STANDARD = "gnu++20";
				CLANG_ENABLE_MODULES = YES;
				CLANG_ENABLE_OBJC_ARC = YES;
				CLANG_ENABLE_OBJC_WEAK = YES;
				CLANG_WARN_BLOCK_CAPTURE_AUTORELEASING = YES;
				CLANG_WARN_BOOL_CONVERSION = YES;
				CLANG_WARN_COMMA = YES;
				CLANG_WARN_CONSTANT_CONVERSION = YES;
				CLANG_WARN_DEPRECATED_OBJC_IMPLEMENTATIONS = YES;
				CLANG_WARN_DIRECT_OBJC_ISA_USAGE = YES_ERROR;
				CLANG_WARN_DOCUMENTATION_COMMENTS = YES;
				CLANG_WARN_EMPTY_BODY = YES;
				CLANG_WARN_ENUM_CONVERSION = YES;
				CLANG_WARN_INFINITE_RECURSION = YES;
				CLANG_WARN_INT_CONVERSION = YES;
				CLANG_WARN_NON_LITERAL_NULL_CONVERSION = YES;
				CLANG_WARN_OBJC_IMPLICIT_RETAIN_SELF = YES;
				CLANG_WARN_OBJC_LITERAL_CONVERSION = YES;
				CLANG_WARN_OBJC_ROOT_CLASS = YES_ERROR;
				CLANG_WARN_QUOTED_INCLUDE_IN_FRAMEWORK_HEADER = YES;
				CLANG_WARN_RANGE_LOOP_ANALYSIS = YES;
				CLANG_WARN_STRICT_PROTOTYPES = YES;
				CLANG_WARN_SUSPICIOUS_MOVE = YES;
				CLANG_WARN_UNGUARDED_AVAILABILITY = YES_AGGRESSIVE;
				CLANG_WARN_UNREACHABLE_CODE = YES;
				CLANG_WARN__DUPLICATE_METHOD_MATCH = YES;
				COPY_PHASE_STRIP = NO;
				DEBUG_INFORMATION_FORMAT = dwarf;
				ENABLE_STRICT_OBJC_MSGSEND = YES;
				ENABLE_TESTABILITY = YES;
				ENABLE_USER_SCRIPT_SANDBOXING = YES;
				GCC_C_LANGUAGE_STANDARD = gnu17;
				GCC_DYNAMIC_NO_PIC = NO;
				GCC_NO_COMMON_BLOCKS = YES;
				GCC_OPTIMIZATION_LEVEL = 0;
				GCC_PREPROCESSOR_DEFINITIONS = (
					"DEBUG=1",
					"$(inherited)",
				);
				GCC_WARN_64_TO_32_BIT_CONVERSION = YES;
				GCC_WARN_ABOUT_RETURN_TYPE = YES_ERROR;
				GCC_WARN_UNDECLARED_SELECTOR = YES;
				GCC_WARN_UNINITIALIZED_AUTOS = YES_AGGRESSIVE;
				GCC_WARN_UNUSED_FUNCTION = YES;
				GCC_WARN_UNUSED_VARIABLE = YES;
				IPHONEOS_DEPLOYMENT_TARGET = 17.5;
				LOCALIZATION_PREFERS_STRING_CATALOGS = YES;
				MTL_ENABLE_DEBUG_INFO = INCLUDE_SOURCE;
				MTL_FAST_MATH = YES;
				ONLY_ACTIVE_ARCH = YES;
				SDKROOT = iphoneos;
				SWIFT_ACTIVE_COMPILATION_CONDITIONS = "DEBUG $(inherited)";
				SWIFT_OPTIMIZATION_LEVEL = "-Onone";
			};
			name = Debug;
		};
		79936C3F2C62E4F700609F33 /* Release */ = {
			isa = XCBuildConfiguration;
			buildSettings = {
				ALWAYS_SEARCH_USER_PATHS = NO;
				ASSETCATALOG_COMPILER_GENERATE_SWIFT_ASSET_SYMBOL_EXTENSIONS = YES;
				CLANG_ANALYZER_NONNULL = YES;
				CLANG_ANALYZER_NUMBER_OBJECT_CONVERSION = YES_AGGRESSIVE;
				CLANG_CXX_LANGUAGE_STANDARD = "gnu++20";
				CLANG_ENABLE_MODULES = YES;
				CLANG_ENABLE_OBJC_ARC = YES;
				CLANG_ENABLE_OBJC_WEAK = YES;
				CLANG_WARN_BLOCK_CAPTURE_AUTORELEASING = YES;
				CLANG_WARN_BOOL_CONVERSION = YES;
				CLANG_WARN_COMMA = YES;
				CLANG_WARN_CONSTANT_CONVERSION = YES;
				CLANG_WARN_DEPRECATED_OBJC_IMPLEMENTATIONS = YES;
				CLANG_WARN_DIRECT_OBJC_ISA_USAGE = YES_ERROR;
				CLANG_WARN_DOCUMENTATION_COMMENTS = YES;
				CLANG_WARN_EMPTY_BODY = YES;
				CLANG_WARN_ENUM_CONVERSION = YES;
				CLANG_WARN_INFINITE_RECURSION = YES;
				CLANG_WARN_INT_CONVERSION = YES;
				CLANG_WARN_NON_LITERAL_NULL_CONVERSION = YES;
				CLANG_WARN_OBJC_IMPLICIT_RETAIN_SELF = YES;
				CLANG_WARN_OBJC_LITERAL_CONVERSION = YES;
				CLANG_WARN_OBJC_ROOT_CLASS = YES_ERROR;
				CLANG_WARN_QUOTED_INCLUDE_IN_FRAMEWORK_HEADER = YES;
				CLANG_WARN_RANGE_LOOP_ANALYSIS = YES;
				CLANG_WARN_STRICT_PROTOTYPES = YES;
				CLANG_WARN_SUSPICIOUS_MOVE = YES;
				CLANG_WARN_UNGUARDED_AVAILABILITY = YES_AGGRESSIVE;
				CLANG_WARN_UNREACHABLE_CODE = YES;
				CLANG_WARN__DUPLICATE_METHOD_MATCH = YES;
				COPY_PHASE_STRIP = NO;
				DEBUG_INFORMATION_FORMAT = "dwarf-with-dsym";
				ENABLE_NS_ASSERTIONS = NO;
				ENABLE_STRICT_OBJC_MSGSEND = YES;
				ENABLE_USER_SCRIPT_SANDBOXING = YES;
				GCC_C_LANGUAGE_STANDARD = gnu17;
				GCC_NO_COMMON_BLOCKS = YES;
				GCC_WARN_64_TO_32_BIT_CONVERSION = YES;
				GCC_WARN_ABOUT_RETURN_TYPE = YES_ERROR;
				GCC_WARN_UNDECLARED_SELECTOR = YES;
				GCC_WARN_UNINITIALIZED_AUTOS = YES_AGGRESSIVE;
				GCC_WARN_UNUSED_FUNCTION = YES;
				GCC_WARN_UNUSED_VARIABLE = YES;
				IPHONEOS_DEPLOYMENT_TARGET = 17.5;
				LOCALIZATION_PREFERS_STRING_CATALOGS = YES;
				MTL_ENABLE_DEBUG_INFO = NO;
				MTL_FAST_MATH = YES;
				SDKROOT = iphoneos;
				SWIFT_COMPILATION_MODE = wholemodule;
				VALIDATE_PRODUCT = YES;
			};
			name = Release;
		};
		79936C412C62E4F700609F33 /* Debug */ = {
			isa = XCBuildConfiguration;
			buildSettings = {
				ASSETCATALOG_COMPILER_APPICON_NAME = AppIcon;
				ASSETCATALOG_COMPILER_GLOBAL_ACCENT_COLOR_NAME = AccentColor;
				CODE_SIGN_STYLE = Automatic;
				CURRENT_PROJECT_VERSION = 1;
				DEVELOPMENT_ASSET_PATHS = "\"LegoAPI/Preview Content\"";
				DEVELOPMENT_TEAM = V2J8W6ZD56;
				ENABLE_PREVIEWS = YES;
				GENERATE_INFOPLIST_FILE = YES;
				INFOPLIST_KEY_UIApplicationSceneManifest_Generation = YES;
				INFOPLIST_KEY_UIApplicationSupportsIndirectInputEvents = YES;
				INFOPLIST_KEY_UILaunchScreen_Generation = YES;
				INFOPLIST_KEY_UISupportedInterfaceOrientations_iPad = "UIInterfaceOrientationPortrait UIInterfaceOrientationPortraitUpsideDown UIInterfaceOrientationLandscapeLeft UIInterfaceOrientationLandscapeRight";
				INFOPLIST_KEY_UISupportedInterfaceOrientations_iPhone = "UIInterfaceOrientationPortrait UIInterfaceOrientationLandscapeLeft UIInterfaceOrientationLandscapeRight";
				LD_RUNPATH_SEARCH_PATHS = (
					"$(inherited)",
					"@executable_path/Frameworks",
				);
				MARKETING_VERSION = 1.0;
				PRODUCT_BUNDLE_IDENTIFIER = "Edu.dixietech.mad.ethanthomas-gmail.com.LegoAPI";
				PRODUCT_NAME = "$(TARGET_NAME)";
				SWIFT_EMIT_LOC_STRINGS = YES;
				SWIFT_VERSION = 5.0;
				TARGETED_DEVICE_FAMILY = "1,2";
			};
			name = Debug;
		};
		79936C422C62E4F700609F33 /* Release */ = {
			isa = XCBuildConfiguration;
			buildSettings = {
				ASSETCATALOG_COMPILER_APPICON_NAME = AppIcon;
				ASSETCATALOG_COMPILER_GLOBAL_ACCENT_COLOR_NAME = AccentColor;
				CODE_SIGN_STYLE = Automatic;
				CURRENT_PROJECT_VERSION = 1;
				DEVELOPMENT_ASSET_PATHS = "\"LegoAPI/Preview Content\"";
				DEVELOPMENT_TEAM = V2J8W6ZD56;
				ENABLE_PREVIEWS = YES;
				GENERATE_INFOPLIST_FILE = YES;
				INFOPLIST_KEY_UIApplicationSceneManifest_Generation = YES;
				INFOPLIST_KEY_UIApplicationSupportsIndirectInputEvents = YES;
				INFOPLIST_KEY_UILaunchScreen_Generation = YES;
				INFOPLIST_KEY_UISupportedInterfaceOrientations_iPad = "UIInterfaceOrientationPortrait UIInterfaceOrientationPortraitUpsideDown UIInterfaceOrientationLandscapeLeft UIInterfaceOrientationLandscapeRight";
				INFOPLIST_KEY_UISupportedInterfaceOrientations_iPhone = "UIInterfaceOrientationPortrait UIInterfaceOrientationLandscapeLeft UIInterfaceOrientationLandscapeRight";
				LD_RUNPATH_SEARCH_PATHS = (
					"$(inherited)",
					"@executable_path/Frameworks",
				);
				MARKETING_VERSION = 1.0;
				PRODUCT_BUNDLE_IDENTIFIER = "Edu.dixietech.mad.ethanthomas-gmail.com.LegoAPI";
				PRODUCT_NAME = "$(TARGET_NAME)";
				SWIFT_EMIT_LOC_STRINGS = YES;
				SWIFT_VERSION = 5.0;
				TARGETED_DEVICE_FAMILY = "1,2";
			};
			name = Release;
		};
/* End XCBuildConfiguration section */

/* Begin XCConfigurationList section */
		79936C2D2C62E4F600609F33 /* Build configuration list for PBXProject "LegoAPI" */ = {
			isa = XCConfigurationList;
			buildConfigurations = (
				79936C3E2C62E4F700609F33 /* Debug */,
				79936C3F2C62E4F700609F33 /* Release */,
			);
			defaultConfigurationIsVisible = 0;
			defaultConfigurationName = Release;
		};
		79936C402C62E4F700609F33 /* Build configuration list for PBXNativeTarget "LegoAPI" */ = {
			isa = XCConfigurationList;
			buildConfigurations = (
				79936C412C62E4F700609F33 /* Debug */,
				79936C422C62E4F700609F33 /* Release */,
			);
			defaultConfigurationIsVisible = 0;
			defaultConfigurationName = Release;
		};
/* End XCConfigurationList section */

/* Begin XCVersionGroup section */
		79936C4C2C63644C00609F33 /* LegoCDModel.xcdatamodeld */ = {
			isa = XCVersionGroup;
			children = (
				79936C4D2C63644C00609F33 /* LegoCDModel.xcdatamodel */,
			);
			currentVersion = 79936C4D2C63644C00609F33 /* LegoCDModel.xcdatamodel */;
			name = LegoCDModel.xcdatamodeld;
			path = "/Users/ethanthomas/Documents/App dev/SwiftUI_2024/LegoAPI/LegoAPI/Model/LegoCDModel.xcdatamodeld";
			sourceTree = "<group>";
			versionGroupType = wrapper.xcdatamodel;
		};
/* End XCVersionGroup section */
	};
	rootObject = 79936C2A2C62E4F600609F33 /* Project object */;
}
